
Microsoft Visual Studio Solution File, Format Version 12.00
# Visual Studio 14
VisualStudioVersion = 14.0.23107.0
MinimumVisualStudioVersion = 10.0.40219.1
Project("{FAE04EC0-301F-11D3-BF4B-00C04F79EFBC}") = "Aurora", "Aurora\Aurora.csproj", "{42D3387E-8925-4375-8280-D54BDC12CC73}"
EndProject
Project("{FAE04EC0-301F-11D3-BF4B-00C04F79EFBC}") = "Granite", "Granite\Granite.csproj", "{C335E171-9E82-40B0-816B-19C47D299EAC}"
EndProject
Project("{FAE04EC0-301F-11D3-BF4B-00C04F79EFBC}") = "Saas.Business", "Saas.Business\Saas.Business.csproj", "{185CE611-97A2-4BE5-883F-61260E1FE0F0}"
EndProject
Project("{FAE04EC0-301F-11D3-BF4B-00C04F79EFBC}") = "Granite.Service", "Granite.Service\Granite.Service.csproj", "{F5B73C22-28D1-4D8A-AC37-76E30B0061E9}"
EndProject
Project("{FAE04EC0-301F-11D3-BF4B-00C04F79EFBC}") = "Saas.Infrastructure.Utility", "Saas.Infrastructure.Utility\Saas.Infrastructure.Utility.csproj", "{10630A80-8395-4704-AEA1-40842502AA57}"
EndProject
Global
	GlobalSection(SolutionConfigurationPlatforms) = preSolution
		Debug|Any CPU = Debug|Any CPU
		Release|Any CPU = Release|Any CPU
	EndGlobalSection
	GlobalSection(ProjectConfigurationPlatforms) = postSolution
		{42D3387E-8925-4375-8280-D54BDC12CC73}.Debug|Any CPU.ActiveCfg = Debug|Any CPU
		{42D3387E-8925-4375-8280-D54BDC12CC73}.Debug|Any CPU.Build.0 = Debug|Any CPU
		{42D3387E-8925-4375-8280-D54BDC12CC73}.Release|Any CPU.ActiveCfg = Release|Any CPU
		{42D3387E-8925-4375-8280-D54BDC12CC73}.Release|Any CPU.Build.0 = Release|Any CPU
		{C335E171-9E82-40B0-816B-19C47D299EAC}.Debug|Any CPU.ActiveCfg = Debug|Any CPU
		{C335E171-9E82-40B0-816B-19C47D299EAC}.Debug|Any CPU.Build.0 = Debug|Any CPU
		{C335E171-9E82-40B0-816B-19C47D299EAC}.Release|Any CPU.ActiveCfg = Release|Any CPU
		{C335E171-9E82-40B0-816B-19C47D299EAC}.Release|Any CPU.Build.0 = Release|Any CPU
		{185CE611-97A2-4BE5-883F-61260E1FE0F0}.Debug|Any CPU.ActiveCfg = Debug|Any CPU
		{185CE611-97A2-4BE5-883F-61260E1FE0F0}.Debug|Any CPU.Build.0 = Debug|Any CPU
		{185CE611-97A2-4BE5-883F-61260E1FE0F0}.Release|Any CPU.ActiveCfg = Release|Any CPU
		{185CE611-97A2-4BE5-883F-61260E1FE0F0}.Release|Any CPU.Build.0 = Release|Any CPU
		{F5B73C22-28D1-4D8A-AC37-76E30B0061E9}.Debug|Any CPU.ActiveCfg = Debug|Any CPU
		{F5B73C22-28D1-4D8A-AC37-76E30B0061E9}.Debug|Any CPU.Build.0 = Debug|Any CPU
		{F5B73C22-28D1-4D8A-AC37-76E30B0061E9}.Release|Any CPU.ActiveCfg = Release|Any CPU
		{F5B73C22-28D1-4D8A-AC37-76E30B0061E9}.Release|Any CPU.Build.0 = Release|Any CPU
		{10630A80-8395-4704-AEA1-40842502AA57}.Debug|Any CPU.ActiveCfg = Debug|Any CPU
		{10630A80-8395-4704-AEA1-40842502AA57}.Debug|Any CPU.Build.0 = Debug|Any CPU
		{10630A80-8395-4704-AEA1-40842502AA57}.Release|Any CPU.ActiveCfg = Release|Any CPU
		{10630A80-8395-4704-AEA1-40842502AA57}.Release|Any CPU.Build.0 = Release|Any CPU
	EndGlobalSection
	GlobalSection(SolutionProperties) = preSolution
		HideSolutionNode = FALSE
	EndGlobalSection
EndGlobal
